# THIS IS AN AUTOGENERATED FILE. DO NOT EDIT THIS FILE DIRECTLY.
# yarn lockfile v1


decimal128@../decimal128-11.2.0-alpha.1.tgz:
  version "11.2.0-alpha.1"
  resolved "../decimal128-11.2.0-alpha.1.tgz#8db43ec5a6e86c8200d6995527df7c5f7efe6c3b"
  dependencies:
    yarn "^1.22.21"

yarn@^1.22.21:
  version "1.22.22"
  resolved "https://registry.yarnpkg.com/yarn/-/yarn-1.22.22.tgz#ac34549e6aa8e7ead463a7407e1c7390f61a6610"
  integrity sha512-prL3kGtyG7o9Z9Sv8IPfBNrWTDmXB4Qbes8A9rEzt6wkJV8mUvoirjU0Mp3GGAU06Y0XQyA3/2/RQFVuK7MTfg==
